
Microsoft Visual Studio Solution File, Format Version 12.00
# Visual Studio Version 17
VisualStudioVersion = 17.2.32526.322
MinimumVisualStudioVersion = 10.0.40219.1
Project("{FAE04EC0-301F-11D3-BF4B-00C04F79EFBC}") = "egzamin5.Android", "egzamin5\egzamin5.Android\egzamin5.Android.csproj", "{5F3B4EB8-7E1D-41C4-824B-2E8AEA2D3067}"
EndProject
Project("{FAE04EC0-301F-11D3-BF4B-00C04F79EFBC}") = "egzamin5", "egzamin5\egzamin5\egzamin5.csproj", "{8A5C342E-4B6E-428A-957D-728B78A80FD0}"
EndProject
Global
	GlobalSection(SolutionConfigurationPlatforms) = preSolution
		Debug|Any CPU = Debug|Any CPU
		Release|Any CPU = Release|Any CPU
	EndGlobalSection
	GlobalSection(ProjectConfigurationPlatforms) = postSolution
		{5F3B4EB8-7E1D-41C4-824B-2E8AEA2D3067}.Debug|Any CPU.ActiveCfg = Debug|Any CPU
		{5F3B4EB8-7E1D-41C4-824B-2E8AEA2D3067}.Debug|Any CPU.Build.0 = Debug|Any CPU
		{5F3B4EB8-7E1D-41C4-824B-2E8AEA2D3067}.Debug|Any CPU.Deploy.0 = Debug|Any CPU
		{5F3B4EB8-7E1D-41C4-824B-2E8AEA2D3067}.Release|Any CPU.ActiveCfg = Release|Any CPU
		{5F3B4EB8-7E1D-41C4-824B-2E8AEA2D3067}.Release|Any CPU.Build.0 = Release|Any CPU
		{5F3B4EB8-7E1D-41C4-824B-2E8AEA2D3067}.Release|Any CPU.Deploy.0 = Release|Any CPU
		{8A5C342E-4B6E-428A-957D-728B78A80FD0}.Debug|Any CPU.ActiveCfg = Debug|Any CPU
		{8A5C342E-4B6E-428A-957D-728B78A80FD0}.Debug|Any CPU.Build.0 = Debug|Any CPU
		{8A5C342E-4B6E-428A-957D-728B78A80FD0}.Debug|Any CPU.Deploy.0 = Debug|Any CPU
		{8A5C342E-4B6E-428A-957D-728B78A80FD0}.Release|Any CPU.ActiveCfg = Release|Any CPU
		{8A5C342E-4B6E-428A-957D-728B78A80FD0}.Release|Any CPU.Build.0 = Release|Any CPU
		{8A5C342E-4B6E-428A-957D-728B78A80FD0}.Release|Any CPU.Deploy.0 = Release|Any CPU
	EndGlobalSection
	GlobalSection(SolutionProperties) = preSolution
		HideSolutionNode = FALSE
	EndGlobalSection
	GlobalSection(ExtensibilityGlobals) = postSolution
		SolutionGuid = {FB245076-1933-4C3E-A89F-4E53A19B52A5}
	EndGlobalSection
EndGlobal
